
Microsoft Visual Studio Solution File, Format Version 12.00
# Visual Studio Version 17
VisualStudioVersion = 17.12.35521.163
MinimumVisualStudioVersion = 10.0.40219.1
Project("{FAE04EC0-301F-11D3-BF4B-00C04F79EFBC}") = "Day01Problem1", "Day01Problem1\Day01Problem1.csproj", "{460458B2-F9CA-48C2-9703-70151DF93377}"
EndProject
Project("{FAE04EC0-301F-11D3-BF4B-00C04F79EFBC}") = "Day01Problem2", "Day01Problem2\Day01Problem2.csproj", "{0F3FA6EA-ACA4-478C-9CF3-39B6D51C90CE}"
EndProject
Project("{FAE04EC0-301F-11D3-BF4B-00C04F79EFBC}") = "Day02Problem1", "Day02Problem1\Day02Problem1.csproj", "{233BC813-8B52-48B6-806A-07A17AEC1929}"
EndProject
Project("{FAE04EC0-301F-11D3-BF4B-00C04F79EFBC}") = "Day02Problem2", "Day02Problem2\Day02Problem2.csproj", "{A83FA245-EA2B-425B-B387-D5C1A4D5F5C7}"
EndProject
Project("{FAE04EC0-301F-11D3-BF4B-00C04F79EFBC}") = "Day03Problem1", "Day03Problem1\Day03Problem1.csproj", "{49C4F3E6-500D-4E36-8B8E-370FD4D3D813}"
EndProject
Project("{FAE04EC0-301F-11D3-BF4B-00C04F79EFBC}") = "Day03Problem2", "Day03Problem2\Day03Problem2.csproj", "{8BA3C619-59F8-4ECE-BEBF-29E43F711AC1}"
EndProject
Project("{FAE04EC0-301F-11D3-BF4B-00C04F79EFBC}") = "Day04Problem1", "Day04Problem1\Day04Problem1.csproj", "{CA03CF9E-61D7-46D5-8E1B-2FB41213C999}"
EndProject
Project("{FAE04EC0-301F-11D3-BF4B-00C04F79EFBC}") = "Day04Problem2", "Day04Problem2\Day04Problem2.csproj", "{AA64DF6F-EB65-45CF-92B7-20260E60A751}"
EndProject
Project("{FAE04EC0-301F-11D3-BF4B-00C04F79EFBC}") = "Day05Problem1", "Day05Problem1\Day05Problem1.csproj", "{91075FDD-AEAC-43D6-B141-044BC5B945F6}"
EndProject
Project("{FAE04EC0-301F-11D3-BF4B-00C04F79EFBC}") = "Day05Problem2", "Day05Problem2\Day05Problem2.csproj", "{A901F595-B869-4DA3-9479-2D7CC54E7277}"
EndProject
Project("{FAE04EC0-301F-11D3-BF4B-00C04F79EFBC}") = "Day06Problem1", "Day06Problem1\Day06Problem1.csproj", "{B46AA63E-384A-4634-A641-15D48ACF1E77}"
EndProject
Project("{FAE04EC0-301F-11D3-BF4B-00C04F79EFBC}") = "Day06Problem2", "Day06Problem2\Day06Problem2.csproj", "{78F974A2-5DB1-48A3-83A0-967678FD62A6}"
EndProject
Project("{FAE04EC0-301F-11D3-BF4B-00C04F79EFBC}") = "Day07Problem1", "Day07Problem1\Day07Problem1.csproj", "{6F9F534A-7DFA-4571-9F93-90313F9BB5B0}"
EndProject
Project("{FAE04EC0-301F-11D3-BF4B-00C04F79EFBC}") = "Day07Problem2", "Day07Problem2\Day07Problem2.csproj", "{84611074-3C51-483C-9928-6AF8A65B043E}"
EndProject
Project("{FAE04EC0-301F-11D3-BF4B-00C04F79EFBC}") = "Day08Problem1", "Day08Problem1\Day08Problem1.csproj", "{D66A4260-8579-4072-A266-93455A131ABD}"
EndProject
Project("{FAE04EC0-301F-11D3-BF4B-00C04F79EFBC}") = "Day08Problem2", "Day08Problem2\Day08Problem2.csproj", "{CD9CD4A1-D36C-4E16-A3D6-C7F250BA55EB}"
EndProject
Project("{FAE04EC0-301F-11D3-BF4B-00C04F79EFBC}") = "Utilities", "Utilities\Utilities.csproj", "{EBF52C5F-32F1-4272-86AD-546E3BE58A0B}"
EndProject
Project("{FAE04EC0-301F-11D3-BF4B-00C04F79EFBC}") = "Day09Problem1", "Day09Problem1\Day09Problem1.csproj", "{B36F1605-283F-49FE-B91C-3DB6DE8EBCF5}"
EndProject
Project("{FAE04EC0-301F-11D3-BF4B-00C04F79EFBC}") = "Day09Problem2", "Day09Problem2\Day09Problem2.csproj", "{7F6CD437-B534-4489-907F-D7F9ECCECC4B}"
EndProject
Project("{FAE04EC0-301F-11D3-BF4B-00C04F79EFBC}") = "Day10Problem1", "Day10Problem1\Day10Problem1.csproj", "{152E9EC3-2431-431C-9E03-4D6DF648DE3D}"
EndProject
Project("{FAE04EC0-301F-11D3-BF4B-00C04F79EFBC}") = "Day10Problem2", "Day10Problem2\Day10Problem2.csproj", "{5BE9E04C-4317-4426-ACB9-937B09F43374}"
EndProject
Project("{FAE04EC0-301F-11D3-BF4B-00C04F79EFBC}") = "Day11Problem1And2", "Day11Problem1And2\Day11Problem1And2.csproj", "{DD9E788E-CF45-4F22-ABFB-DD4137208C98}"
EndProject
Global
	GlobalSection(SolutionConfigurationPlatforms) = preSolution
		Debug|Any CPU = Debug|Any CPU
		Release|Any CPU = Release|Any CPU
	EndGlobalSection
	GlobalSection(ProjectConfigurationPlatforms) = postSolution
		{460458B2-F9CA-48C2-9703-70151DF93377}.Debug|Any CPU.ActiveCfg = Debug|Any CPU
		{460458B2-F9CA-48C2-9703-70151DF93377}.Debug|Any CPU.Build.0 = Debug|Any CPU
		{460458B2-F9CA-48C2-9703-70151DF93377}.Release|Any CPU.ActiveCfg = Release|Any CPU
		{460458B2-F9CA-48C2-9703-70151DF93377}.Release|Any CPU.Build.0 = Release|Any CPU
		{0F3FA6EA-ACA4-478C-9CF3-39B6D51C90CE}.Debug|Any CPU.ActiveCfg = Debug|Any CPU
		{0F3FA6EA-ACA4-478C-9CF3-39B6D51C90CE}.Debug|Any CPU.Build.0 = Debug|Any CPU
		{0F3FA6EA-ACA4-478C-9CF3-39B6D51C90CE}.Release|Any CPU.ActiveCfg = Release|Any CPU
		{0F3FA6EA-ACA4-478C-9CF3-39B6D51C90CE}.Release|Any CPU.Build.0 = Release|Any CPU
		{233BC813-8B52-48B6-806A-07A17AEC1929}.Debug|Any CPU.ActiveCfg = Debug|Any CPU
		{233BC813-8B52-48B6-806A-07A17AEC1929}.Debug|Any CPU.Build.0 = Debug|Any CPU
		{233BC813-8B52-48B6-806A-07A17AEC1929}.Release|Any CPU.ActiveCfg = Release|Any CPU
		{233BC813-8B52-48B6-806A-07A17AEC1929}.Release|Any CPU.Build.0 = Release|Any CPU
		{A83FA245-EA2B-425B-B387-D5C1A4D5F5C7}.Debug|Any CPU.ActiveCfg = Debug|Any CPU
		{A83FA245-EA2B-425B-B387-D5C1A4D5F5C7}.Debug|Any CPU.Build.0 = Debug|Any CPU
		{A83FA245-EA2B-425B-B387-D5C1A4D5F5C7}.Release|Any CPU.ActiveCfg = Release|Any CPU
		{A83FA245-EA2B-425B-B387-D5C1A4D5F5C7}.Release|Any CPU.Build.0 = Release|Any CPU
		{49C4F3E6-500D-4E36-8B8E-370FD4D3D813}.Debug|Any CPU.ActiveCfg = Debug|Any CPU
		{49C4F3E6-500D-4E36-8B8E-370FD4D3D813}.Debug|Any CPU.Build.0 = Debug|Any CPU
		{49C4F3E6-500D-4E36-8B8E-370FD4D3D813}.Release|Any CPU.ActiveCfg = Release|Any CPU
		{49C4F3E6-500D-4E36-8B8E-370FD4D3D813}.Release|Any CPU.Build.0 = Release|Any CPU
		{8BA3C619-59F8-4ECE-BEBF-29E43F711AC1}.Debug|Any CPU.ActiveCfg = Debug|Any CPU
		{8BA3C619-59F8-4ECE-BEBF-29E43F711AC1}.Debug|Any CPU.Build.0 = Debug|Any CPU
		{8BA3C619-59F8-4ECE-BEBF-29E43F711AC1}.Release|Any CPU.ActiveCfg = Release|Any CPU
		{8BA3C619-59F8-4ECE-BEBF-29E43F711AC1}.Release|Any CPU.Build.0 = Release|Any CPU
		{CA03CF9E-61D7-46D5-8E1B-2FB41213C999}.Debug|Any CPU.ActiveCfg = Debug|Any CPU
		{CA03CF9E-61D7-46D5-8E1B-2FB41213C999}.Debug|Any CPU.Build.0 = Debug|Any CPU
		{CA03CF9E-61D7-46D5-8E1B-2FB41213C999}.Release|Any CPU.ActiveCfg = Release|Any CPU
		{CA03CF9E-61D7-46D5-8E1B-2FB41213C999}.Release|Any CPU.Build.0 = Release|Any CPU
		{AA64DF6F-EB65-45CF-92B7-20260E60A751}.Debug|Any CPU.ActiveCfg = Debug|Any CPU
		{AA64DF6F-EB65-45CF-92B7-20260E60A751}.Debug|Any CPU.Build.0 = Debug|Any CPU
		{AA64DF6F-EB65-45CF-92B7-20260E60A751}.Release|Any CPU.ActiveCfg = Release|Any CPU
		{AA64DF6F-EB65-45CF-92B7-20260E60A751}.Release|Any CPU.Build.0 = Release|Any CPU
		{91075FDD-AEAC-43D6-B141-044BC5B945F6}.Debug|Any CPU.ActiveCfg = Debug|Any CPU
		{91075FDD-AEAC-43D6-B141-044BC5B945F6}.Debug|Any CPU.Build.0 = Debug|Any CPU
		{91075FDD-AEAC-43D6-B141-044BC5B945F6}.Release|Any CPU.ActiveCfg = Release|Any CPU
		{91075FDD-AEAC-43D6-B141-044BC5B945F6}.Release|Any CPU.Build.0 = Release|Any CPU
		{A901F595-B869-4DA3-9479-2D7CC54E7277}.Debug|Any CPU.ActiveCfg = Debug|Any CPU
		{A901F595-B869-4DA3-9479-2D7CC54E7277}.Debug|Any CPU.Build.0 = Debug|Any CPU
		{A901F595-B869-4DA3-9479-2D7CC54E7277}.Release|Any CPU.ActiveCfg = Release|Any CPU
		{A901F595-B869-4DA3-9479-2D7CC54E7277}.Release|Any CPU.Build.0 = Release|Any CPU
		{B46AA63E-384A-4634-A641-15D48ACF1E77}.Debug|Any CPU.ActiveCfg = Debug|Any CPU
		{B46AA63E-384A-4634-A641-15D48ACF1E77}.Debug|Any CPU.Build.0 = Debug|Any CPU
		{B46AA63E-384A-4634-A641-15D48ACF1E77}.Release|Any CPU.ActiveCfg = Release|Any CPU
		{B46AA63E-384A-4634-A641-15D48ACF1E77}.Release|Any CPU.Build.0 = Release|Any CPU
		{78F974A2-5DB1-48A3-83A0-967678FD62A6}.Debug|Any CPU.ActiveCfg = Debug|Any CPU
		{78F974A2-5DB1-48A3-83A0-967678FD62A6}.Debug|Any CPU.Build.0 = Debug|Any CPU
		{78F974A2-5DB1-48A3-83A0-967678FD62A6}.Release|Any CPU.ActiveCfg = Release|Any CPU
		{78F974A2-5DB1-48A3-83A0-967678FD62A6}.Release|Any CPU.Build.0 = Release|Any CPU
		{6F9F534A-7DFA-4571-9F93-90313F9BB5B0}.Debug|Any CPU.ActiveCfg = Debug|Any CPU
		{6F9F534A-7DFA-4571-9F93-90313F9BB5B0}.Debug|Any CPU.Build.0 = Debug|Any CPU
		{6F9F534A-7DFA-4571-9F93-90313F9BB5B0}.Release|Any CPU.ActiveCfg = Release|Any CPU
		{6F9F534A-7DFA-4571-9F93-90313F9BB5B0}.Release|Any CPU.Build.0 = Release|Any CPU
		{84611074-3C51-483C-9928-6AF8A65B043E}.Debug|Any CPU.ActiveCfg = Debug|Any CPU
		{84611074-3C51-483C-9928-6AF8A65B043E}.Debug|Any CPU.Build.0 = Debug|Any CPU
		{84611074-3C51-483C-9928-6AF8A65B043E}.Release|Any CPU.ActiveCfg = Release|Any CPU
		{84611074-3C51-483C-9928-6AF8A65B043E}.Release|Any CPU.Build.0 = Release|Any CPU
		{D66A4260-8579-4072-A266-93455A131ABD}.Debug|Any CPU.ActiveCfg = Debug|Any CPU
		{D66A4260-8579-4072-A266-93455A131ABD}.Debug|Any CPU.Build.0 = Debug|Any CPU
		{D66A4260-8579-4072-A266-93455A131ABD}.Release|Any CPU.ActiveCfg = Release|Any CPU
		{D66A4260-8579-4072-A266-93455A131ABD}.Release|Any CPU.Build.0 = Release|Any CPU
		{CD9CD4A1-D36C-4E16-A3D6-C7F250BA55EB}.Debug|Any CPU.ActiveCfg = Debug|Any CPU
		{CD9CD4A1-D36C-4E16-A3D6-C7F250BA55EB}.Debug|Any CPU.Build.0 = Debug|Any CPU
		{CD9CD4A1-D36C-4E16-A3D6-C7F250BA55EB}.Release|Any CPU.ActiveCfg = Release|Any CPU
		{CD9CD4A1-D36C-4E16-A3D6-C7F250BA55EB}.Release|Any CPU.Build.0 = Release|Any CPU
		{EBF52C5F-32F1-4272-86AD-546E3BE58A0B}.Debug|Any CPU.ActiveCfg = Debug|Any CPU
		{EBF52C5F-32F1-4272-86AD-546E3BE58A0B}.Debug|Any CPU.Build.0 = Debug|Any CPU
		{EBF52C5F-32F1-4272-86AD-546E3BE58A0B}.Release|Any CPU.ActiveCfg = Release|Any CPU
		{EBF52C5F-32F1-4272-86AD-546E3BE58A0B}.Release|Any CPU.Build.0 = Release|Any CPU
		{B36F1605-283F-49FE-B91C-3DB6DE8EBCF5}.Debug|Any CPU.ActiveCfg = Debug|Any CPU
		{B36F1605-283F-49FE-B91C-3DB6DE8EBCF5}.Debug|Any CPU.Build.0 = Debug|Any CPU
		{B36F1605-283F-49FE-B91C-3DB6DE8EBCF5}.Release|Any CPU.ActiveCfg = Release|Any CPU
		{B36F1605-283F-49FE-B91C-3DB6DE8EBCF5}.Release|Any CPU.Build.0 = Release|Any CPU
		{7F6CD437-B534-4489-907F-D7F9ECCECC4B}.Debug|Any CPU.ActiveCfg = Debug|Any CPU
		{7F6CD437-B534-4489-907F-D7F9ECCECC4B}.Debug|Any CPU.Build.0 = Debug|Any CPU
		{7F6CD437-B534-4489-907F-D7F9ECCECC4B}.Release|Any CPU.ActiveCfg = Release|Any CPU
		{7F6CD437-B534-4489-907F-D7F9ECCECC4B}.Release|Any CPU.Build.0 = Release|Any CPU
		{152E9EC3-2431-431C-9E03-4D6DF648DE3D}.Debug|Any CPU.ActiveCfg = Debug|Any CPU
		{152E9EC3-2431-431C-9E03-4D6DF648DE3D}.Debug|Any CPU.Build.0 = Debug|Any CPU
		{152E9EC3-2431-431C-9E03-4D6DF648DE3D}.Release|Any CPU.ActiveCfg = Release|Any CPU
		{152E9EC3-2431-431C-9E03-4D6DF648DE3D}.Release|Any CPU.Build.0 = Release|Any CPU
		{5BE9E04C-4317-4426-ACB9-937B09F43374}.Debug|Any CPU.ActiveCfg = Debug|Any CPU
		{5BE9E04C-4317-4426-ACB9-937B09F43374}.Debug|Any CPU.Build.0 = Debug|Any CPU
		{5BE9E04C-4317-4426-ACB9-937B09F43374}.Release|Any CPU.ActiveCfg = Release|Any CPU
		{5BE9E04C-4317-4426-ACB9-937B09F43374}.Release|Any CPU.Build.0 = Release|Any CPU
		{DD9E788E-CF45-4F22-ABFB-DD4137208C98}.Debug|Any CPU.ActiveCfg = Debug|Any CPU
		{DD9E788E-CF45-4F22-ABFB-DD4137208C98}.Debug|Any CPU.Build.0 = Debug|Any CPU
		{DD9E788E-CF45-4F22-ABFB-DD4137208C98}.Release|Any CPU.ActiveCfg = Release|Any CPU
		{DD9E788E-CF45-4F22-ABFB-DD4137208C98}.Release|Any CPU.Build.0 = Release|Any CPU
	EndGlobalSection
	GlobalSection(SolutionProperties) = preSolution
		HideSolutionNode = FALSE
	EndGlobalSection
EndGlobal
